
Microsoft Visual Studio Solution File, Format Version 12.00
# Visual Studio Version 16
VisualStudioVersion = 16.0.32428.217
MinimumVisualStudioVersion = 10.0.40219.1
Project("{FAE04EC0-301F-11D3-BF4B-00C04F79EFBC}") = "Lection_7_PRO", "Lection_7_PRO\Lection_7_PRO.csproj", "{06894819-626D-4533-A180-1C19A2BCB6A7}"
EndProject
Global
	GlobalSection(SolutionConfigurationPlatforms) = preSolution
		Debug|Any CPU = Debug|Any CPU
		Release|Any CPU = Release|Any CPU
	EndGlobalSection
	GlobalSection(ProjectConfigurationPlatforms) = postSolution
		{06894819-626D-4533-A180-1C19A2BCB6A7}.Debug|Any CPU.ActiveCfg = Debug|Any CPU
		{06894819-626D-4533-A180-1C19A2BCB6A7}.Debug|Any CPU.Build.0 = Debug|Any CPU
		{06894819-626D-4533-A180-1C19A2BCB6A7}.Release|Any CPU.ActiveCfg = Release|Any CPU
		{06894819-626D-4533-A180-1C19A2BCB6A7}.Release|Any CPU.Build.0 = Release|Any CPU
	EndGlobalSection
	GlobalSection(SolutionProperties) = preSolution
		HideSolutionNode = FALSE
	EndGlobalSection
	GlobalSection(ExtensibilityGlobals) = postSolution
		SolutionGuid = {CC6523C9-0B8C-4267-9D4E-2D3581D362F9}
	EndGlobalSection
EndGlobal
